<?xml version="1.0" encoding="utf-8"?>
<Project ToolsVersion="4.0" xmlns="http://schemas.microsoft.com/developer/msbuild/2003">
  <ItemGroup>
    <Filter Include="源文件">
      <UniqueIdentifier>{4FC737F1-C7A5-4376-A066-2A32D752A2FF}</UniqueIdentifier>
      <Extensions>cpp;c;cc;cxx;c++;cppm;ixx;def;odl;idl;hpj;bat;asm;asmx</Extensions>
    </Filter>
    <Filter Include="头文件">
      <UniqueIdentifier>{93995380-89BD-4b04-88EB-625FBE52EBFB}</UniqueIdentifier>
      <Extensions>h;hh;hpp;hxx;h++;hm;inl;inc;ipp;xsd</Extensions>
    </Filter>
    <Filter Include="资源文件">
      <UniqueIdentifier>{67DA6AB6-F800-4c08-8B7A-83BB121AAD01}</UniqueIdentifier>
      <Extensions>rc;ico;cur;bmp;dlg;rc2;rct;bin;rgs;gif;jpg;jpeg;jpe;resx;tiff;tif;png;wav;mfcribbon-ms</Extensions>
    </Filter>
    <Filter Include="Physics">
      <UniqueIdentifier>{189a21f4-d632-4376-b2bc-35fb0ae42968}</UniqueIdentifier>
    </Filter>
    <Filter Include="Collision">
      <UniqueIdentifier>{8f436f57-4432-4da1-84a0-e7ee7e95abdd}</UniqueIdentifier>
    </Filter>
    <Filter Include="Render">
      <UniqueIdentifier>{210b22bc-8092-4dfd-b052-aa43b635eae1}</UniqueIdentifier>
    </Filter>
  </ItemGroup>
  <ItemGroup>
    <ClCompile Include="src\glad.c">
      <Filter>源文件</Filter>
    </ClCompile>
    <ClCompile Include="src\Window.cpp">
      <Filter>源文件</Filter>
    </ClCompile>
    <ClCompile Include="src\GLRenderer.cpp">
      <Filter>源文件</Filter>
    </ClCompile>
    <ClCompile Include="src\main.cpp">
      <Filter>源文件</Filter>
    </ClCompile>
    <ClCompile Include="src\Mesh.cpp">
      <Filter>源文件</Filter>
    </ClCompile>
    <ClCompile Include="src\Shader.cpp">
      <Filter>源文件</Filter>
    </ClCompile>
    <ClCompile Include="src\Texture.cpp">
      <Filter>源文件</Filter>
    </ClCompile>
    <ClCompile Include="src\Camera.cpp">
      <Filter>源文件</Filter>
    </ClCompile>
    <ClCompile Include="src\Transform.cpp">
      <Filter>源文件</Filter>
    </ClCompile>
    <ClCompile Include="src\Model.cpp">
      <Filter>源文件</Filter>
    </ClCompile>
    <ClCompile Include="src\Light.cpp">
      <Filter>源文件</Filter>
    </ClCompile>
    <ClCompile Include="src\SceneNode.cpp">
      <Filter>源文件</Filter>
    </ClCompile>
    <ClCompile Include="src\CubeMap.cpp">
      <Filter>源文件</Filter>
    </ClCompile>
    <ClCompile Include="src\Frustum.cpp">
      <Filter>源文件</Filter>
    </ClCompile>
    <ClCompile Include="src\Level.cpp">
      <Filter>源文件</Filter>
    </ClCompile>
    <ClCompile Include="src\Material.cpp">
      <Filter>源文件</Filter>
    </ClCompile>
    <ClCompile Include="src\PhysicsSystem.cpp">
      <Filter>Physics</Filter>
    </ClCompile>
    <ClCompile Include="src\PhysicsObject.cpp">
      <Filter>Physics</Filter>
    </ClCompile>
    <ClCompile Include="src\CollisionDetection.cpp">
      <Filter>Collision</Filter>
    </ClCompile>
    <ClCompile Include="src\GameObject.cpp">
      <Filter>源文件</Filter>
    </ClCompile>
  </ItemGroup>
  <ItemGroup>
    <ClInclude Include="src\Window.h">
      <Filter>头文件</Filter>
    </ClInclude>
    <ClInclude Include="src\GLRenderer.h">
      <Filter>头文件</Filter>
    </ClInclude>
    <ClInclude Include="src\Mesh.h">
      <Filter>头文件</Filter>
    </ClInclude>
    <ClInclude Include="src\Shader.h">
      <Filter>头文件</Filter>
    </ClInclude>
    <ClInclude Include="src\stb_image.h">
      <Filter>头文件</Filter>
    </ClInclude>
    <ClInclude Include="src\Texture.h">
      <Filter>头文件</Filter>
    </ClInclude>
    <ClInclude Include="src\Camera.h">
      <Filter>头文件</Filter>
    </ClInclude>
    <ClInclude Include="src\Transform.h">
      <Filter>头文件</Filter>
    </ClInclude>
    <ClInclude Include="src\Utilities.h">
      <Filter>头文件</Filter>
    </ClInclude>
    <ClInclude Include="src\Model.h">
      <Filter>头文件</Filter>
    </ClInclude>
    <ClInclude Include="src\Light.h">
      <Filter>头文件</Filter>
    </ClInclude>
    <ClInclude Include="src\SceneNode.h">
      <Filter>头文件</Filter>
    </ClInclude>
    <ClInclude Include="src\CubeMap.h">
      <Filter>头文件</Filter>
    </ClInclude>
    <ClInclude Include="src\Frustum.h">
      <Filter>头文件</Filter>
    </ClInclude>
    <ClInclude Include="src\Level.h">
      <Filter>头文件</Filter>
    </ClInclude>
    <ClInclude Include="src\Material.h">
      <Filter>头文件</Filter>
    </ClInclude>
    <ClInclude Include="src\PhysicsSystem.h">
      <Filter>Physics</Filter>
    </ClInclude>
    <ClInclude Include="src\PhysicsObject.h">
      <Filter>Physics</Filter>
    </ClInclude>
    <ClInclude Include="src\CollisionVolumn.h">
      <Filter>Collision</Filter>
    </ClInclude>
    <ClInclude Include="src\CollisionDetection.h">
      <Filter>Collision</Filter>
    </ClInclude>
    <ClInclude Include="src\GameObject.h">
      <Filter>头文件</Filter>
    </ClInclude>
    <ClInclude Include="src\Octree.h">
      <Filter>Collision</Filter>
    </ClInclude>
  </ItemGroup>
</Project>